
Microsoft Visual Studio Solution File, Format Version 12.00
# Visual Studio 15
VisualStudioVersion = 15.0.27703.2042
MinimumVisualStudioVersion = 10.0.40219.1
Project("{9A19103F-16F7-4668-BE54-9A1E7A4F7556}") = "CureWellDataAccessLayer", "CureWellDataAccessLayer\CureWellDataAccessLayer.csproj", "{1DC45E9C-E318-4D10-A221-248C7E15E7F4}"
EndProject
Project("{9A19103F-16F7-4668-BE54-9A1E7A4F7556}") = "CureWellServices", "CureWellServices\CureWellServices.csproj", "{46200A57-7177-40B2-B122-539A99CA115D}"
EndProject
Global
	GlobalSection(SolutionConfigurationPlatforms) = preSolution
		Debug|Any CPU = Debug|Any CPU
		Release|Any CPU = Release|Any CPU
	EndGlobalSection
	GlobalSection(ProjectConfigurationPlatforms) = postSolution
		{1DC45E9C-E318-4D10-A221-248C7E15E7F4}.Debug|Any CPU.ActiveCfg = Debug|Any CPU
		{1DC45E9C-E318-4D10-A221-248C7E15E7F4}.Debug|Any CPU.Build.0 = Debug|Any CPU
		{1DC45E9C-E318-4D10-A221-248C7E15E7F4}.Release|Any CPU.ActiveCfg = Release|Any CPU
		{1DC45E9C-E318-4D10-A221-248C7E15E7F4}.Release|Any CPU.Build.0 = Release|Any CPU
		{46200A57-7177-40B2-B122-539A99CA115D}.Debug|Any CPU.ActiveCfg = Debug|Any CPU
		{46200A57-7177-40B2-B122-539A99CA115D}.Debug|Any CPU.Build.0 = Debug|Any CPU
		{46200A57-7177-40B2-B122-539A99CA115D}.Release|Any CPU.ActiveCfg = Release|Any CPU
		{46200A57-7177-40B2-B122-539A99CA115D}.Release|Any CPU.Build.0 = Release|Any CPU
	EndGlobalSection
	GlobalSection(SolutionProperties) = preSolution
		HideSolutionNode = FALSE
	EndGlobalSection
	GlobalSection(ExtensibilityGlobals) = postSolution
		SolutionGuid = {ABE53042-303F-42B6-BF71-66C7B4B98DF6}
	EndGlobalSection
EndGlobal
